
Microsoft Visual Studio Solution File, Format Version 12.00
Project("{FAE04EC0-301F-11D3-BF4B-00C04F79EFBC}") = "ENetOnline", "ENetOnline\ENetOnline.csproj", "{BC73703D-68D6-431B-94A3-F8C3DA5681FE}"
EndProject
Global
	GlobalSection(SolutionConfigurationPlatforms) = preSolution
		Debug|Any CPU = Debug|Any CPU
		Release|Any CPU = Release|Any CPU
	EndGlobalSection
	GlobalSection(ProjectConfigurationPlatforms) = postSolution
		{BC73703D-68D6-431B-94A3-F8C3DA5681FE}.Debug|Any CPU.ActiveCfg = Debug|Any CPU
		{BC73703D-68D6-431B-94A3-F8C3DA5681FE}.Debug|Any CPU.Build.0 = Debug|Any CPU
		{BC73703D-68D6-431B-94A3-F8C3DA5681FE}.Release|Any CPU.ActiveCfg = Release|Any CPU
		{BC73703D-68D6-431B-94A3-F8C3DA5681FE}.Release|Any CPU.Build.0 = Release|Any CPU
	EndGlobalSection
EndGlobal
